
Microsoft Visual Studio Solution File, Format Version 12.00
# Visual Studio 15
Project("{FAE04EC0-301F-11D3-BF4B-00C04F79EFBC}") = "UnityEngine.TestRunner", "UnityEngine.TestRunner.csproj", "{689CF20C-BC1E-439D-22A5-11B1B6160D02}"
EndProject
Project("{FAE04EC0-301F-11D3-BF4B-00C04F79EFBC}") = "Unity.Mathematics", "Unity.Mathematics.csproj", "{CF2782C1-7788-DD65-1018-02887D4758F1}"
EndProject
Project("{FAE04EC0-301F-11D3-BF4B-00C04F79EFBC}") = "Unity.2D.Animation.Triangle.Runtime", "Unity.2D.Animation.Triangle.Runtime.csproj", "{56794277-B909-1226-0022-8D324D78A056}"
EndProject
Project("{FAE04EC0-301F-11D3-BF4B-00C04F79EFBC}") = "Assembly-CSharp", "Assembly-CSharp.csproj", "{88B34645-BA39-4343-C6A1-C5F07BF69E0B}"
EndProject
Project("{FAE04EC0-301F-11D3-BF4B-00C04F79EFBC}") = "Unity.Timeline", "Unity.Timeline.csproj", "{665E6ABF-21FB-9953-E6CB-37D6742E332C}"
EndProject
Project("{FAE04EC0-301F-11D3-BF4B-00C04F79EFBC}") = "UnityEngine.UI", "UnityEngine.UI.csproj", "{5AC7E154-B883-D350-4D93-BD6EED54443E}"
EndProject
Project("{FAE04EC0-301F-11D3-BF4B-00C04F79EFBC}") = "Unity.TextMeshPro", "Unity.TextMeshPro.csproj", "{26456540-1C81-B795-CBF6-60E9C0E38B34}"
EndProject
Project("{FAE04EC0-301F-11D3-BF4B-00C04F79EFBC}") = "Unity.2D.Animation.Runtime", "Unity.2D.Animation.Runtime.csproj", "{A1FC5BC9-7262-FD24-413C-14DF402313F7}"
EndProject
Project("{FAE04EC0-301F-11D3-BF4B-00C04F79EFBC}") = "Unity.2D.IK.Runtime", "Unity.2D.IK.Runtime.csproj", "{462DC2F5-5A71-1BA6-2769-A2D78FA979C6}"
EndProject
Project("{FAE04EC0-301F-11D3-BF4B-00C04F79EFBC}") = "Unity.2D.SpriteShape.Runtime", "Unity.2D.SpriteShape.Runtime.csproj", "{D82895CC-FE71-95AB-57D0-20E1CDF087AE}"
EndProject
Project("{FAE04EC0-301F-11D3-BF4B-00C04F79EFBC}") = "Unity.2D.PixelPerfect", "Unity.2D.PixelPerfect.csproj", "{079D7B98-17B3-0E03-A179-D666DD853FD5}"
EndProject
Project("{FAE04EC0-301F-11D3-BF4B-00C04F79EFBC}") = "Unity.2D.Common.Runtime", "Unity.2D.Common.Runtime.csproj", "{09E6CE36-5589-A854-8E53-02AE4170F391}"
EndProject
Project("{FAE04EC0-301F-11D3-BF4B-00C04F79EFBC}") = "Unity.InternalAPIEngineBridge.001", "Unity.InternalAPIEngineBridge.001.csproj", "{6D8FB93F-BB3D-201F-153E-B6A1648F3AA0}"
EndProject
Project("{FAE04EC0-301F-11D3-BF4B-00C04F79EFBC}") = "UnityEditor.TestRunner", "UnityEditor.TestRunner.csproj", "{12CDC435-B389-296D-6589-46A230F28993}"
EndProject
Project("{FAE04EC0-301F-11D3-BF4B-00C04F79EFBC}") = "Unity.PlasticSCM.Editor", "Unity.PlasticSCM.Editor.csproj", "{8408FFAA-4DCB-4157-C9D0-E81A0C2ECF22}"
EndProject
Project("{FAE04EC0-301F-11D3-BF4B-00C04F79EFBC}") = "UnityEditor.UI", "UnityEditor.UI.csproj", "{680A72EC-002B-98B2-0F25-D3C91E073309}"
EndProject
Project("{FAE04EC0-301F-11D3-BF4B-00C04F79EFBC}") = "Unity.Timeline.Editor", "Unity.Timeline.Editor.csproj", "{29E67899-9E87-EA28-899B-9D5A5658120B}"
EndProject
Project("{FAE04EC0-301F-11D3-BF4B-00C04F79EFBC}") = "Unity.VisualStudio.Editor", "Unity.VisualStudio.Editor.csproj", "{E7271A53-EBDA-A118-1EAD-57652DF0820B}"
EndProject
Project("{FAE04EC0-301F-11D3-BF4B-00C04F79EFBC}") = "Unity.2D.Psdimporter.Editor", "Unity.2D.Psdimporter.Editor.csproj", "{6BE4317D-F3BC-FDBE-FBD0-C7EE8FFFE0D7}"
EndProject
Project("{FAE04EC0-301F-11D3-BF4B-00C04F79EFBC}") = "Unity.2D.Animation.Editor", "Unity.2D.Animation.Editor.csproj", "{C4C54021-DDE1-9945-DC23-3FCF4D207BA7}"
EndProject
Project("{FAE04EC0-301F-11D3-BF4B-00C04F79EFBC}") = "Unity.TextMeshPro.Editor", "Unity.TextMeshPro.Editor.csproj", "{1F186BCD-0B3C-CDF2-5093-BEE219E8294C}"
EndProject
Project("{FAE04EC0-301F-11D3-BF4B-00C04F79EFBC}") = "Unity.2D.SpriteShape.Editor", "Unity.2D.SpriteShape.Editor.csproj", "{008031C8-5CDE-6949-0DEC-395750F482A4}"
EndProject
Project("{FAE04EC0-301F-11D3-BF4B-00C04F79EFBC}") = "Unity.CollabProxy.Editor", "Unity.CollabProxy.Editor.csproj", "{898E5A49-1326-080E-CF91-F9A5BE402333}"
EndProject
Project("{FAE04EC0-301F-11D3-BF4B-00C04F79EFBC}") = "PsdPlugin", "PsdPlugin.csproj", "{D1499C5D-72F4-6FC8-4B69-B66D7A076AC6}"
EndProject
Project("{FAE04EC0-301F-11D3-BF4B-00C04F79EFBC}") = "Unity.2D.Path.Editor", "Unity.2D.Path.Editor.csproj", "{1E648DE4-0D46-0DBB-B23C-2D768E6D8200}"
EndProject
Project("{FAE04EC0-301F-11D3-BF4B-00C04F79EFBC}") = "Unity.Rider.Editor", "Unity.Rider.Editor.csproj", "{DABA4067-1F04-88D8-117A-91C589F36B99}"
EndProject
Project("{FAE04EC0-301F-11D3-BF4B-00C04F79EFBC}") = "Unity.2D.IK.Editor", "Unity.2D.IK.Editor.csproj", "{4A557111-04D6-CFD3-F64C-593A880F6B52}"
EndProject
Project("{FAE04EC0-301F-11D3-BF4B-00C04F79EFBC}") = "Unity.2D.Sprite.Editor", "Unity.2D.Sprite.Editor.csproj", "{76D46107-1377-7421-8386-5A5D29F92101}"
EndProject
Project("{FAE04EC0-301F-11D3-BF4B-00C04F79EFBC}") = "Unity.2D.Tilemap.Editor", "Unity.2D.Tilemap.Editor.csproj", "{1B241E55-B0E5-0A85-A931-31E9D8D9A8B1}"
EndProject
Project("{FAE04EC0-301F-11D3-BF4B-00C04F79EFBC}") = "Unity.2D.PixelPerfect.Editor", "Unity.2D.PixelPerfect.Editor.csproj", "{0049BAC8-0CFD-2282-B335-38B3DB28A319}"
EndProject
Project("{FAE04EC0-301F-11D3-BF4B-00C04F79EFBC}") = "Unity.VSCode.Editor", "Unity.VSCode.Editor.csproj", "{E7F31333-5905-CE84-D682-FB5A410AF753}"
EndProject
Project("{FAE04EC0-301F-11D3-BF4B-00C04F79EFBC}") = "Unity.2D.Common.Editor", "Unity.2D.Common.Editor.csproj", "{983C34F0-A585-2E56-C795-838F8FA5CE7E}"
EndProject
Project("{FAE04EC0-301F-11D3-BF4B-00C04F79EFBC}") = "Unity.Mathematics.Editor", "Unity.Mathematics.Editor.csproj", "{41090836-E1EE-04C6-A639-458B64030A3A}"
EndProject
Project("{FAE04EC0-301F-11D3-BF4B-00C04F79EFBC}") = "Unity.InternalAPIEditorBridge.001", "Unity.InternalAPIEditorBridge.001.csproj", "{12702D6F-BB99-2A27-549A-6DE79A82ADE4}"
EndProject
Project("{FAE04EC0-301F-11D3-BF4B-00C04F79EFBC}") = "UnityEngine.TestRunner", "UnityEngine.TestRunner.Player.csproj", "{F8C383FD-D9B1-3D8B-E34B-04BDB2A89921}"
EndProject
Project("{FAE04EC0-301F-11D3-BF4B-00C04F79EFBC}") = "Unity.Mathematics", "Unity.Mathematics.Player.csproj", "{357DD7DA-16AC-108E-F830-29E69535F5BD}"
EndProject
Project("{FAE04EC0-301F-11D3-BF4B-00C04F79EFBC}") = "Unity.2D.Animation.Triangle.Runtime", "Unity.2D.Animation.Triangle.Runtime.Player.csproj", "{EC51A564-4FFD-79B7-C179-4234F84D78FA}"
EndProject
Project("{FAE04EC0-301F-11D3-BF4B-00C04F79EFBC}") = "Assembly-CSharp", "Assembly-CSharp.Player.csproj", "{9510C5D7-7729-E440-81BD-02151F1E8A44}"
EndProject
Project("{FAE04EC0-301F-11D3-BF4B-00C04F79EFBC}") = "Unity.Timeline", "Unity.Timeline.Player.csproj", "{4BF1370F-42CD-A804-A625-505393ED2739}"
EndProject
Project("{FAE04EC0-301F-11D3-BF4B-00C04F79EFBC}") = "UnityEngine.UI", "UnityEngine.UI.Player.csproj", "{E88C6561-44CE-17EA-59BB-4D0E34DDD078}"
EndProject
Project("{FAE04EC0-301F-11D3-BF4B-00C04F79EFBC}") = "Unity.TextMeshPro", "Unity.TextMeshPro.Player.csproj", "{4A6B69C1-F9DC-EB43-C5BF-B555FFF2383A}"
EndProject
Project("{FAE04EC0-301F-11D3-BF4B-00C04F79EFBC}") = "Unity.2D.Animation.Runtime", "Unity.2D.Animation.Runtime.Player.csproj", "{60B3AACD-7BA6-BFB7-A24A-497BE22ADE04}"
EndProject
Project("{FAE04EC0-301F-11D3-BF4B-00C04F79EFBC}") = "Unity.2D.IK.Runtime", "Unity.2D.IK.Runtime.Player.csproj", "{5C7492FA-1FC9-5BE7-B12C-7E505A9DCF7D}"
EndProject
Project("{FAE04EC0-301F-11D3-BF4B-00C04F79EFBC}") = "Unity.2D.SpriteShape.Runtime", "Unity.2D.SpriteShape.Runtime.Player.csproj", "{B066B1ED-18EE-F484-DF5B-0834DF4C68C3}"
EndProject
Project("{FAE04EC0-301F-11D3-BF4B-00C04F79EFBC}") = "Unity.2D.PixelPerfect", "Unity.2D.PixelPerfect.Player.csproj", "{DD832041-234F-0F16-38AF-84BEA8D64BB5}"
EndProject
Project("{FAE04EC0-301F-11D3-BF4B-00C04F79EFBC}") = "Unity.2D.Common.Runtime", "Unity.2D.Common.Runtime.Player.csproj", "{AB0A6366-13B7-CE47-8BF8-0967AE7CE59A}"
EndProject
Project("{FAE04EC0-301F-11D3-BF4B-00C04F79EFBC}") = "Unity.InternalAPIEngineBridge.001", "Unity.InternalAPIEngineBridge.001.Player.csproj", "{BF34DF66-ED44-35FA-7DB9-B154FB7BB37D}"
EndProject
Global
	GlobalSection(SolutionConfigurationPlatforms) = preSolution
		Debug|Any CPU = Debug|Any CPU
		Release|Any CPU = Release|Any CPU
	EndGlobalSection
	GlobalSection(ProjectConfigurationPlatforms) = postSolution
		{689CF20C-BC1E-439D-22A5-11B1B6160D02}.Debug|Any CPU.ActiveCfg = Debug|Any CPU
		{689CF20C-BC1E-439D-22A5-11B1B6160D02}.Debug|Any CPU.Build.0 = Debug|Any CPU
		{689CF20C-BC1E-439D-22A5-11B1B6160D02}.Release|Any CPU.ActiveCfg = Release|Any CPU
		{689CF20C-BC1E-439D-22A5-11B1B6160D02}.Release|Any CPU.Build.0 = Release|Any CPU
		{CF2782C1-7788-DD65-1018-02887D4758F1}.Debug|Any CPU.ActiveCfg = Debug|Any CPU
		{CF2782C1-7788-DD65-1018-02887D4758F1}.Debug|Any CPU.Build.0 = Debug|Any CPU
		{CF2782C1-7788-DD65-1018-02887D4758F1}.Release|Any CPU.ActiveCfg = Release|Any CPU
		{CF2782C1-7788-DD65-1018-02887D4758F1}.Release|Any CPU.Build.0 = Release|Any CPU
		{56794277-B909-1226-0022-8D324D78A056}.Debug|Any CPU.ActiveCfg = Debug|Any CPU
		{56794277-B909-1226-0022-8D324D78A056}.Debug|Any CPU.Build.0 = Debug|Any CPU
		{56794277-B909-1226-0022-8D324D78A056}.Release|Any CPU.ActiveCfg = Release|Any CPU
		{56794277-B909-1226-0022-8D324D78A056}.Release|Any CPU.Build.0 = Release|Any CPU
		{88B34645-BA39-4343-C6A1-C5F07BF69E0B}.Debug|Any CPU.ActiveCfg = Debug|Any CPU
		{88B34645-BA39-4343-C6A1-C5F07BF69E0B}.Debug|Any CPU.Build.0 = Debug|Any CPU
		{88B34645-BA39-4343-C6A1-C5F07BF69E0B}.Release|Any CPU.ActiveCfg = Release|Any CPU
		{88B34645-BA39-4343-C6A1-C5F07BF69E0B}.Release|Any CPU.Build.0 = Release|Any CPU
		{665E6ABF-21FB-9953-E6CB-37D6742E332C}.Debug|Any CPU.ActiveCfg = Debug|Any CPU
		{665E6ABF-21FB-9953-E6CB-37D6742E332C}.Debug|Any CPU.Build.0 = Debug|Any CPU
		{665E6ABF-21FB-9953-E6CB-37D6742E332C}.Release|Any CPU.ActiveCfg = Release|Any CPU
		{665E6ABF-21FB-9953-E6CB-37D6742E332C}.Release|Any CPU.Build.0 = Release|Any CPU
		{5AC7E154-B883-D350-4D93-BD6EED54443E}.Debug|Any CPU.ActiveCfg = Debug|Any CPU
		{5AC7E154-B883-D350-4D93-BD6EED54443E}.Debug|Any CPU.Build.0 = Debug|Any CPU
		{5AC7E154-B883-D350-4D93-BD6EED54443E}.Release|Any CPU.ActiveCfg = Release|Any CPU
		{5AC7E154-B883-D350-4D93-BD6EED54443E}.Release|Any CPU.Build.0 = Release|Any CPU
		{26456540-1C81-B795-CBF6-60E9C0E38B34}.Debug|Any CPU.ActiveCfg = Debug|Any CPU
		{26456540-1C81-B795-CBF6-60E9C0E38B34}.Debug|Any CPU.Build.0 = Debug|Any CPU
		{26456540-1C81-B795-CBF6-60E9C0E38B34}.Release|Any CPU.ActiveCfg = Release|Any CPU
		{26456540-1C81-B795-CBF6-60E9C0E38B34}.Release|Any CPU.Build.0 = Release|Any CPU
		{A1FC5BC9-7262-FD24-413C-14DF402313F7}.Debug|Any CPU.ActiveCfg = Debug|Any CPU
		{A1FC5BC9-7262-FD24-413C-14DF402313F7}.Debug|Any CPU.Build.0 = Debug|Any CPU
		{A1FC5BC9-7262-FD24-413C-14DF402313F7}.Release|Any CPU.ActiveCfg = Release|Any CPU
		{A1FC5BC9-7262-FD24-413C-14DF402313F7}.Release|Any CPU.Build.0 = Release|Any CPU
		{462DC2F5-5A71-1BA6-2769-A2D78FA979C6}.Debug|Any CPU.ActiveCfg = Debug|Any CPU
		{462DC2F5-5A71-1BA6-2769-A2D78FA979C6}.Debug|Any CPU.Build.0 = Debug|Any CPU
		{462DC2F5-5A71-1BA6-2769-A2D78FA979C6}.Release|Any CPU.ActiveCfg = Release|Any CPU
		{462DC2F5-5A71-1BA6-2769-A2D78FA979C6}.Release|Any CPU.Build.0 = Release|Any CPU
		{D82895CC-FE71-95AB-57D0-20E1CDF087AE}.Debug|Any CPU.ActiveCfg = Debug|Any CPU
		{D82895CC-FE71-95AB-57D0-20E1CDF087AE}.Debug|Any CPU.Build.0 = Debug|Any CPU
		{D82895CC-FE71-95AB-57D0-20E1CDF087AE}.Release|Any CPU.ActiveCfg = Release|Any CPU
		{D82895CC-FE71-95AB-57D0-20E1CDF087AE}.Release|Any CPU.Build.0 = Release|Any CPU
		{079D7B98-17B3-0E03-A179-D666DD853FD5}.Debug|Any CPU.ActiveCfg = Debug|Any CPU
		{079D7B98-17B3-0E03-A179-D666DD853FD5}.Debug|Any CPU.Build.0 = Debug|Any CPU
		{079D7B98-17B3-0E03-A179-D666DD853FD5}.Release|Any CPU.ActiveCfg = Release|Any CPU
		{079D7B98-17B3-0E03-A179-D666DD853FD5}.Release|Any CPU.Build.0 = Release|Any CPU
		{09E6CE36-5589-A854-8E53-02AE4170F391}.Debug|Any CPU.ActiveCfg = Debug|Any CPU
		{09E6CE36-5589-A854-8E53-02AE4170F391}.Debug|Any CPU.Build.0 = Debug|Any CPU
		{09E6CE36-5589-A854-8E53-02AE4170F391}.Release|Any CPU.ActiveCfg = Release|Any CPU
		{09E6CE36-5589-A854-8E53-02AE4170F391}.Release|Any CPU.Build.0 = Release|Any CPU
		{6D8FB93F-BB3D-201F-153E-B6A1648F3AA0}.Debug|Any CPU.ActiveCfg = Debug|Any CPU
		{6D8FB93F-BB3D-201F-153E-B6A1648F3AA0}.Debug|Any CPU.Build.0 = Debug|Any CPU
		{6D8FB93F-BB3D-201F-153E-B6A1648F3AA0}.Release|Any CPU.ActiveCfg = Release|Any CPU
		{6D8FB93F-BB3D-201F-153E-B6A1648F3AA0}.Release|Any CPU.Build.0 = Release|Any CPU
		{12CDC435-B389-296D-6589-46A230F28993}.Debug|Any CPU.ActiveCfg = Debug|Any CPU
		{12CDC435-B389-296D-6589-46A230F28993}.Debug|Any CPU.Build.0 = Debug|Any CPU
		{12CDC435-B389-296D-6589-46A230F28993}.Release|Any CPU.ActiveCfg = Release|Any CPU
		{12CDC435-B389-296D-6589-46A230F28993}.Release|Any CPU.Build.0 = Release|Any CPU
		{8408FFAA-4DCB-4157-C9D0-E81A0C2ECF22}.Debug|Any CPU.ActiveCfg = Debug|Any CPU
		{8408FFAA-4DCB-4157-C9D0-E81A0C2ECF22}.Debug|Any CPU.Build.0 = Debug|Any CPU
		{8408FFAA-4DCB-4157-C9D0-E81A0C2ECF22}.Release|Any CPU.ActiveCfg = Release|Any CPU
		{8408FFAA-4DCB-4157-C9D0-E81A0C2ECF22}.Release|Any CPU.Build.0 = Release|Any CPU
		{680A72EC-002B-98B2-0F25-D3C91E073309}.Debug|Any CPU.ActiveCfg = Debug|Any CPU
		{680A72EC-002B-98B2-0F25-D3C91E073309}.Debug|Any CPU.Build.0 = Debug|Any CPU
		{680A72EC-002B-98B2-0F25-D3C91E073309}.Release|Any CPU.ActiveCfg = Release|Any CPU
		{680A72EC-002B-98B2-0F25-D3C91E073309}.Release|Any CPU.Build.0 = Release|Any CPU
		{29E67899-9E87-EA28-899B-9D5A5658120B}.Debug|Any CPU.ActiveCfg = Debug|Any CPU
		{29E67899-9E87-EA28-899B-9D5A5658120B}.Debug|Any CPU.Build.0 = Debug|Any CPU
		{29E67899-9E87-EA28-899B-9D5A5658120B}.Release|Any CPU.ActiveCfg = Release|Any CPU
		{29E67899-9E87-EA28-899B-9D5A5658120B}.Release|Any CPU.Build.0 = Release|Any CPU
		{E7271A53-EBDA-A118-1EAD-57652DF0820B}.Debug|Any CPU.ActiveCfg = Debug|Any CPU
		{E7271A53-EBDA-A118-1EAD-57652DF0820B}.Debug|Any CPU.Build.0 = Debug|Any CPU
		{E7271A53-EBDA-A118-1EAD-57652DF0820B}.Release|Any CPU.ActiveCfg = Release|Any CPU
		{E7271A53-EBDA-A118-1EAD-57652DF0820B}.Release|Any CPU.Build.0 = Release|Any CPU
		{6BE4317D-F3BC-FDBE-FBD0-C7EE8FFFE0D7}.Debug|Any CPU.ActiveCfg = Debug|Any CPU
		{6BE4317D-F3BC-FDBE-FBD0-C7EE8FFFE0D7}.Debug|Any CPU.Build.0 = Debug|Any CPU
		{6BE4317D-F3BC-FDBE-FBD0-C7EE8FFFE0D7}.Release|Any CPU.ActiveCfg = Release|Any CPU
		{6BE4317D-F3BC-FDBE-FBD0-C7EE8FFFE0D7}.Release|Any CPU.Build.0 = Release|Any CPU
		{C4C54021-DDE1-9945-DC23-3FCF4D207BA7}.Debug|Any CPU.ActiveCfg = Debug|Any CPU
		{C4C54021-DDE1-9945-DC23-3FCF4D207BA7}.Debug|Any CPU.Build.0 = Debug|Any CPU
		{C4C54021-DDE1-9945-DC23-3FCF4D207BA7}.Release|Any CPU.ActiveCfg = Release|Any CPU
		{C4C54021-DDE1-9945-DC23-3FCF4D207BA7}.Release|Any CPU.Build.0 = Release|Any CPU
		{1F186BCD-0B3C-CDF2-5093-BEE219E8294C}.Debug|Any CPU.ActiveCfg = Debug|Any CPU
		{1F186BCD-0B3C-CDF2-5093-BEE219E8294C}.Debug|Any CPU.Build.0 = Debug|Any CPU
		{1F186BCD-0B3C-CDF2-5093-BEE219E8294C}.Release|Any CPU.ActiveCfg = Release|Any CPU
		{1F186BCD-0B3C-CDF2-5093-BEE219E8294C}.Release|Any CPU.Build.0 = Release|Any CPU
		{008031C8-5CDE-6949-0DEC-395750F482A4}.Debug|Any CPU.ActiveCfg = Debug|Any CPU
		{008031C8-5CDE-6949-0DEC-395750F482A4}.Debug|Any CPU.Build.0 = Debug|Any CPU
		{008031C8-5CDE-6949-0DEC-395750F482A4}.Release|Any CPU.ActiveCfg = Release|Any CPU
		{008031C8-5CDE-6949-0DEC-395750F482A4}.Release|Any CPU.Build.0 = Release|Any CPU
		{898E5A49-1326-080E-CF91-F9A5BE402333}.Debug|Any CPU.ActiveCfg = Debug|Any CPU
		{898E5A49-1326-080E-CF91-F9A5BE402333}.Debug|Any CPU.Build.0 = Debug|Any CPU
		{898E5A49-1326-080E-CF91-F9A5BE402333}.Release|Any CPU.ActiveCfg = Release|Any CPU
		{898E5A49-1326-080E-CF91-F9A5BE402333}.Release|Any CPU.Build.0 = Release|Any CPU
		{D1499C5D-72F4-6FC8-4B69-B66D7A076AC6}.Debug|Any CPU.ActiveCfg = Debug|Any CPU
		{D1499C5D-72F4-6FC8-4B69-B66D7A076AC6}.Debug|Any CPU.Build.0 = Debug|Any CPU
		{D1499C5D-72F4-6FC8-4B69-B66D7A076AC6}.Release|Any CPU.ActiveCfg = Release|Any CPU
		{D1499C5D-72F4-6FC8-4B69-B66D7A076AC6}.Release|Any CPU.Build.0 = Release|Any CPU
		{1E648DE4-0D46-0DBB-B23C-2D768E6D8200}.Debug|Any CPU.ActiveCfg = Debug|Any CPU
		{1E648DE4-0D46-0DBB-B23C-2D768E6D8200}.Debug|Any CPU.Build.0 = Debug|Any CPU
		{1E648DE4-0D46-0DBB-B23C-2D768E6D8200}.Release|Any CPU.ActiveCfg = Release|Any CPU
		{1E648DE4-0D46-0DBB-B23C-2D768E6D8200}.Release|Any CPU.Build.0 = Release|Any CPU
		{DABA4067-1F04-88D8-117A-91C589F36B99}.Debug|Any CPU.ActiveCfg = Debug|Any CPU
		{DABA4067-1F04-88D8-117A-91C589F36B99}.Debug|Any CPU.Build.0 = Debug|Any CPU
		{DABA4067-1F04-88D8-117A-91C589F36B99}.Release|Any CPU.ActiveCfg = Release|Any CPU
		{DABA4067-1F04-88D8-117A-91C589F36B99}.Release|Any CPU.Build.0 = Release|Any CPU
		{4A557111-04D6-CFD3-F64C-593A880F6B52}.Debug|Any CPU.ActiveCfg = Debug|Any CPU
		{4A557111-04D6-CFD3-F64C-593A880F6B52}.Debug|Any CPU.Build.0 = Debug|Any CPU
		{4A557111-04D6-CFD3-F64C-593A880F6B52}.Release|Any CPU.ActiveCfg = Release|Any CPU
		{4A557111-04D6-CFD3-F64C-593A880F6B52}.Release|Any CPU.Build.0 = Release|Any CPU
		{76D46107-1377-7421-8386-5A5D29F92101}.Debug|Any CPU.ActiveCfg = Debug|Any CPU
		{76D46107-1377-7421-8386-5A5D29F92101}.Debug|Any CPU.Build.0 = Debug|Any CPU
		{76D46107-1377-7421-8386-5A5D29F92101}.Release|Any CPU.ActiveCfg = Release|Any CPU
		{76D46107-1377-7421-8386-5A5D29F92101}.Release|Any CPU.Build.0 = Release|Any CPU
		{1B241E55-B0E5-0A85-A931-31E9D8D9A8B1}.Debug|Any CPU.ActiveCfg = Debug|Any CPU
		{1B241E55-B0E5-0A85-A931-31E9D8D9A8B1}.Debug|Any CPU.Build.0 = Debug|Any CPU
		{1B241E55-B0E5-0A85-A931-31E9D8D9A8B1}.Release|Any CPU.ActiveCfg = Release|Any CPU
		{1B241E55-B0E5-0A85-A931-31E9D8D9A8B1}.Release|Any CPU.Build.0 = Release|Any CPU
		{0049BAC8-0CFD-2282-B335-38B3DB28A319}.Debug|Any CPU.ActiveCfg = Debug|Any CPU
		{0049BAC8-0CFD-2282-B335-38B3DB28A319}.Debug|Any CPU.Build.0 = Debug|Any CPU
		{0049BAC8-0CFD-2282-B335-38B3DB28A319}.Release|Any CPU.ActiveCfg = Release|Any CPU
		{0049BAC8-0CFD-2282-B335-38B3DB28A319}.Release|Any CPU.Build.0 = Release|Any CPU
		{E7F31333-5905-CE84-D682-FB5A410AF753}.Debug|Any CPU.ActiveCfg = Debug|Any CPU
		{E7F31333-5905-CE84-D682-FB5A410AF753}.Debug|Any CPU.Build.0 = Debug|Any CPU
		{E7F31333-5905-CE84-D682-FB5A410AF753}.Release|Any CPU.ActiveCfg = Release|Any CPU
		{E7F31333-5905-CE84-D682-FB5A410AF753}.Release|Any CPU.Build.0 = Release|Any CPU
		{983C34F0-A585-2E56-C795-838F8FA5CE7E}.Debug|Any CPU.ActiveCfg = Debug|Any CPU
		{983C34F0-A585-2E56-C795-838F8FA5CE7E}.Debug|Any CPU.Build.0 = Debug|Any CPU
		{983C34F0-A585-2E56-C795-838F8FA5CE7E}.Release|Any CPU.ActiveCfg = Release|Any CPU
		{983C34F0-A585-2E56-C795-838F8FA5CE7E}.Release|Any CPU.Build.0 = Release|Any CPU
		{41090836-E1EE-04C6-A639-458B64030A3A}.Debug|Any CPU.ActiveCfg = Debug|Any CPU
		{41090836-E1EE-04C6-A639-458B64030A3A}.Debug|Any CPU.Build.0 = Debug|Any CPU
		{41090836-E1EE-04C6-A639-458B64030A3A}.Release|Any CPU.ActiveCfg = Release|Any CPU
		{41090836-E1EE-04C6-A639-458B64030A3A}.Release|Any CPU.Build.0 = Release|Any CPU
		{12702D6F-BB99-2A27-549A-6DE79A82ADE4}.Debug|Any CPU.ActiveCfg = Debug|Any CPU
		{12702D6F-BB99-2A27-549A-6DE79A82ADE4}.Debug|Any CPU.Build.0 = Debug|Any CPU
		{12702D6F-BB99-2A27-549A-6DE79A82ADE4}.Release|Any CPU.ActiveCfg = Release|Any CPU
		{12702D6F-BB99-2A27-549A-6DE79A82ADE4}.Release|Any CPU.Build.0 = Release|Any CPU
		{F8C383FD-D9B1-3D8B-E34B-04BDB2A89921}.Debug|Any CPU.ActiveCfg = Debug|Any CPU
		{F8C383FD-D9B1-3D8B-E34B-04BDB2A89921}.Debug|Any CPU.Build.0 = Debug|Any CPU
		{F8C383FD-D9B1-3D8B-E34B-04BDB2A89921}.Release|Any CPU.ActiveCfg = Release|Any CPU
		{F8C383FD-D9B1-3D8B-E34B-04BDB2A89921}.Release|Any CPU.Build.0 = Release|Any CPU
		{357DD7DA-16AC-108E-F830-29E69535F5BD}.Debug|Any CPU.ActiveCfg = Debug|Any CPU
		{357DD7DA-16AC-108E-F830-29E69535F5BD}.Debug|Any CPU.Build.0 = Debug|Any CPU
		{357DD7DA-16AC-108E-F830-29E69535F5BD}.Release|Any CPU.ActiveCfg = Release|Any CPU
		{357DD7DA-16AC-108E-F830-29E69535F5BD}.Release|Any CPU.Build.0 = Release|Any CPU
		{EC51A564-4FFD-79B7-C179-4234F84D78FA}.Debug|Any CPU.ActiveCfg = Debug|Any CPU
		{EC51A564-4FFD-79B7-C179-4234F84D78FA}.Debug|Any CPU.Build.0 = Debug|Any CPU
		{EC51A564-4FFD-79B7-C179-4234F84D78FA}.Release|Any CPU.ActiveCfg = Release|Any CPU
		{EC51A564-4FFD-79B7-C179-4234F84D78FA}.Release|Any CPU.Build.0 = Release|Any CPU
		{9510C5D7-7729-E440-81BD-02151F1E8A44}.Debug|Any CPU.ActiveCfg = Debug|Any CPU
		{9510C5D7-7729-E440-81BD-02151F1E8A44}.Debug|Any CPU.Build.0 = Debug|Any CPU
		{9510C5D7-7729-E440-81BD-02151F1E8A44}.Release|Any CPU.ActiveCfg = Release|Any CPU
		{9510C5D7-7729-E440-81BD-02151F1E8A44}.Release|Any CPU.Build.0 = Release|Any CPU
		{4BF1370F-42CD-A804-A625-505393ED2739}.Debug|Any CPU.ActiveCfg = Debug|Any CPU
		{4BF1370F-42CD-A804-A625-505393ED2739}.Debug|Any CPU.Build.0 = Debug|Any CPU
		{4BF1370F-42CD-A804-A625-505393ED2739}.Release|Any CPU.ActiveCfg = Release|Any CPU
		{4BF1370F-42CD-A804-A625-505393ED2739}.Release|Any CPU.Build.0 = Release|Any CPU
		{E88C6561-44CE-17EA-59BB-4D0E34DDD078}.Debug|Any CPU.ActiveCfg = Debug|Any CPU
		{E88C6561-44CE-17EA-59BB-4D0E34DDD078}.Debug|Any CPU.Build.0 = Debug|Any CPU
		{E88C6561-44CE-17EA-59BB-4D0E34DDD078}.Release|Any CPU.ActiveCfg = Release|Any CPU
		{E88C6561-44CE-17EA-59BB-4D0E34DDD078}.Release|Any CPU.Build.0 = Release|Any CPU
		{4A6B69C1-F9DC-EB43-C5BF-B555FFF2383A}.Debug|Any CPU.ActiveCfg = Debug|Any CPU
		{4A6B69C1-F9DC-EB43-C5BF-B555FFF2383A}.Debug|Any CPU.Build.0 = Debug|Any CPU
		{4A6B69C1-F9DC-EB43-C5BF-B555FFF2383A}.Release|Any CPU.ActiveCfg = Release|Any CPU
		{4A6B69C1-F9DC-EB43-C5BF-B555FFF2383A}.Release|Any CPU.Build.0 = Release|Any CPU
		{60B3AACD-7BA6-BFB7-A24A-497BE22ADE04}.Debug|Any CPU.ActiveCfg = Debug|Any CPU
		{60B3AACD-7BA6-BFB7-A24A-497BE22ADE04}.Debug|Any CPU.Build.0 = Debug|Any CPU
		{60B3AACD-7BA6-BFB7-A24A-497BE22ADE04}.Release|Any CPU.ActiveCfg = Release|Any CPU
		{60B3AACD-7BA6-BFB7-A24A-497BE22ADE04}.Release|Any CPU.Build.0 = Release|Any CPU
		{5C7492FA-1FC9-5BE7-B12C-7E505A9DCF7D}.Debug|Any CPU.ActiveCfg = Debug|Any CPU
		{5C7492FA-1FC9-5BE7-B12C-7E505A9DCF7D}.Debug|Any CPU.Build.0 = Debug|Any CPU
		{5C7492FA-1FC9-5BE7-B12C-7E505A9DCF7D}.Release|Any CPU.ActiveCfg = Release|Any CPU
		{5C7492FA-1FC9-5BE7-B12C-7E505A9DCF7D}.Release|Any CPU.Build.0 = Release|Any CPU
		{B066B1ED-18EE-F484-DF5B-0834DF4C68C3}.Debug|Any CPU.ActiveCfg = Debug|Any CPU
		{B066B1ED-18EE-F484-DF5B-0834DF4C68C3}.Debug|Any CPU.Build.0 = Debug|Any CPU
		{B066B1ED-18EE-F484-DF5B-0834DF4C68C3}.Release|Any CPU.ActiveCfg = Release|Any CPU
		{B066B1ED-18EE-F484-DF5B-0834DF4C68C3}.Release|Any CPU.Build.0 = Release|Any CPU
		{DD832041-234F-0F16-38AF-84BEA8D64BB5}.Debug|Any CPU.ActiveCfg = Debug|Any CPU
		{DD832041-234F-0F16-38AF-84BEA8D64BB5}.Debug|Any CPU.Build.0 = Debug|Any CPU
		{DD832041-234F-0F16-38AF-84BEA8D64BB5}.Release|Any CPU.ActiveCfg = Release|Any CPU
		{DD832041-234F-0F16-38AF-84BEA8D64BB5}.Release|Any CPU.Build.0 = Release|Any CPU
		{AB0A6366-13B7-CE47-8BF8-0967AE7CE59A}.Debug|Any CPU.ActiveCfg = Debug|Any CPU
		{AB0A6366-13B7-CE47-8BF8-0967AE7CE59A}.Debug|Any CPU.Build.0 = Debug|Any CPU
		{AB0A6366-13B7-CE47-8BF8-0967AE7CE59A}.Release|Any CPU.ActiveCfg = Release|Any CPU
		{AB0A6366-13B7-CE47-8BF8-0967AE7CE59A}.Release|Any CPU.Build.0 = Release|Any CPU
		{BF34DF66-ED44-35FA-7DB9-B154FB7BB37D}.Debug|Any CPU.ActiveCfg = Debug|Any CPU
		{BF34DF66-ED44-35FA-7DB9-B154FB7BB37D}.Debug|Any CPU.Build.0 = Debug|Any CPU
		{BF34DF66-ED44-35FA-7DB9-B154FB7BB37D}.Release|Any CPU.ActiveCfg = Release|Any CPU
		{BF34DF66-ED44-35FA-7DB9-B154FB7BB37D}.Release|Any CPU.Build.0 = Release|Any CPU
	EndGlobalSection
	GlobalSection(SolutionProperties) = preSolution
		HideSolutionNode = FALSE
	EndGlobalSection
EndGlobal
